# THIS IS AN AUTOGENERATED FILE. DO NOT EDIT THIS FILE DIRECTLY.
assets/Name_White.svg:
  development: 2018-04-01T20:14:47-04:00   dfdf0c7f076d04a34df3152842f54ac5
assets/ajax-loader.gif:
  development: 2018-03-30T15:20:24-04:00   deca8b0ecd6974227d157b6d7068995d
assets/gift-card.scss.liquid:
  development: 2018-03-30T15:20:24-04:00   4013652f514c31ced96536bd134c4bc1
assets/hero_slide_1.jpg:
  development: 2018-03-30T15:20:24-04:00   60c9e4042c6be8f9aaaf0b7099faa402
assets/ico-select.svg.liquid:
  development: 2018-03-30T15:20:24-04:00   9c9cc5a57cc74a0a64c2f62b1370a920
assets/icons.eot:
  development: 2018-03-30T15:20:24-04:00   8f64560bdd074785733acde88e121c0e
assets/icons.json:
  development: 2018-03-30T15:20:24-04:00   3c27b07719e7a60beca2abab9d543474
assets/icons.svg:
  development: 2018-03-30T15:20:25-04:00   d90b5182cb63b78a8be44f4a0ce5b750
assets/icons.ttf:
  development: 2018-03-30T15:20:25-04:00   c178483589b0898a2bd69e12ef252b45
assets/icons.woff:
  development: 2018-03-30T15:20:25-04:00   d5833930f5b162566dc7d28d3b55ce9f
assets/jquery-2.2.3.min.js:
  development: 2018-03-30T15:20:25-04:00   33cabfa15c1060aaa3d207c653afb1ee
assets/lazysizes.min.js:
  development: 2018-03-30T15:20:25-04:00   830660aaaf0a60b712ad5c32482ee689
assets/match-media.min.js:
  development: 2018-03-30T15:20:25-04:00   9e431a1a6b7a8c12af2cef5c2a1ce14f
assets/modernizr.min.js:
  development: 2018-03-30T15:20:25-04:00   2e37516b46c9a9e2f46842c42e4b6e03
assets/password-page-background.jpg:
  development: 2018-03-30T15:20:25-04:00   4d5821272f875e5c11dd3a8c8e1d6133
assets/respond-proxy.html:
  development: 2018-03-30T15:20:26-04:00   75002d74a330bff6bf069284da503b4c
assets/respond.min.js:
  development: 2018-03-30T15:20:26-04:00   a2684e9b8fa50d6d11c56a9ada068528
assets/theme.js.liquid:
  development: 2018-03-30T15:20:26-04:00   df09ca24c23616826e2315159c373ae9
assets/theme.scss.liquid:
  development: 2018-04-02T20:07:06-04:00   a289015244d036f389cecc04db2bb5d6
assets/timber.scss.liquid:
  development: 2018-03-30T15:20:26-04:00   e42231c74a499de9a3d37328b850a416
config/settings_data.json:
  development: 2018-04-01T20:07:55-04:00   8f909738cf959e75b7f06320764cb281
config/settings_schema.json:
  development: 2018-03-30T15:20:29-04:00   525a3d09429e615170640395abb447b0
layout/password.liquid:
  development: 2018-03-30T15:20:26-04:00   e3df81a186a3aaf1710cfc32ef51a558
layout/theme.liquid:
  development: 2018-04-02T19:39:24-04:00   baa7094ce4d0207597e54fc1e77aae8c
locales/de.json:
  development: 2018-03-30T15:20:26-04:00   09cf9a7ff0052d8691dfff54ced866c5
locales/en.default.json:
  development: 2018-03-30T15:20:26-04:00   1e9ca69730fcb58452bf5ea1342a2fbd
locales/es.json:
  development: 2018-03-30T15:20:26-04:00   252311e404e512e5b184e04066572067
locales/fr.json:
  development: 2018-03-30T15:20:26-04:00   c091a10704cb1cee02e45a97ae7f8630
locales/it.json:
  development: 2018-03-30T15:20:26-04:00   aed8548d04d71483b53d11314ddf5ec3
locales/ja.json:
  development: 2018-03-30T15:20:26-04:00   a0da2c28d292f7d0d18b02e4076d75f6
locales/pt-BR.json:
  development: 2018-03-30T15:20:26-04:00   ac34b20ca4c0667c37f11ae3e8486d5f
locales/pt-PT.json:
  development: 2018-03-30T15:20:26-04:00   53d9900e3c379a1960f8197f0371dd24
sections/advanced-content.liquid:
  development: 2018-03-30T15:20:23-04:00   4b45d54b982eb78ae6b807f7a0e3c2d8
sections/article-template.liquid:
  development: 2018-03-30T15:20:23-04:00   24b2ca76ee638a9fa807fdea8811ed13
sections/collection-image-template.liquid:
  development: 2018-03-30T15:20:23-04:00   b91a956f52837a6e689a5b5743a52133
sections/collection-template.liquid:
  development: 2018-03-30T15:20:23-04:00   b0d1db6335a23864102b30fe0dbe05d2
sections/drawer-menu.liquid:
  development: 2018-03-30T15:20:23-04:00   95febccd6f95fab7a4ad151fb2db7a01
sections/featured-blog.liquid:
  development: 2018-03-30T15:20:23-04:00   39816dc2460396d341d17a33a1d696ad
sections/featured-collections.liquid:
  development: 2018-03-30T15:20:23-04:00   a9522b514680ee104f88c85901f047a7
sections/featured-content.liquid:
  development: 2018-03-30T15:20:23-04:00   4c26b9b1add93a244b464eb062764c68
sections/featured-product.liquid:
  development: 2018-03-30T15:20:23-04:00   9cd8e6997ac5b15a6d31f88fd7fc023a
sections/featured-products.liquid:
  development: 2018-03-30T15:20:23-04:00   9fec56b1671133e9f6a01dec0b062ede
sections/featured-row.liquid:
  development: 2018-03-30T15:20:23-04:00   fb9a3596588cd8472aeb370d2ecef85f
sections/featured-video.liquid:
  development: 2018-03-30T15:20:23-04:00   27c4bd55d80c6e12b2608e5c42d59bd0
sections/footer.liquid:
  development: 2018-03-30T15:20:23-04:00   2e214e0b490d12d1442c33ac0f653a9d
sections/header.liquid:
  development: 2018-04-02T18:55:58-04:00   cfc09e528bd59d200e62975768da49f6
sections/list-collections-template.liquid:
  development: 2018-03-30T15:20:23-04:00   cc519f30f6bced273d6c82201bb79c40
sections/map.liquid:
  development: 2018-03-30T15:20:24-04:00   ac33dc6663926e2ecbe35fe0ce4ddf14
sections/newsletter.liquid:
  development: 2018-03-30T15:20:24-04:00   6a0073297f0554078ebaa42b26c29308
sections/password-content.liquid:
  development: 2018-03-30T15:20:24-04:00   5a0b4a0de6cdf4b38a7ed16692f52c92
sections/password-header.liquid:
  development: 2018-03-30T15:20:24-04:00   5a5416be7d0234eb7a193645a5232357
sections/product-template.liquid:
  development: 2018-03-30T15:20:24-04:00   03e24a51bab259534b94d9ae2fb2dcb9
sections/slideshow-home.liquid:
  development: 2018-04-02T19:55:51-04:00   f5154975a63dc3c43a20e3bda9081cbb
sections/slideshow.liquid:
  development: 2018-04-02T16:46:00-04:00   2c43e1d3822b4ccd01fc9c17a7728b73
snippets/ajax-cart-template.liquid:
  development: 2018-03-30T15:20:27-04:00   a12ad20ccc9ef7b2516fe7941c51dba8
snippets/bgset.liquid:
  development: 2018-03-30T15:20:27-04:00   33148dfd129ac7339b20fa9792a6bf85
snippets/collection-grid-collage.liquid:
  development: 2018-03-30T15:20:27-04:00   bba8796945ca96e0d0518d046f15d4ce
snippets/collection-grid-item.liquid:
  development: 2018-03-30T15:20:27-04:00   ee5beb448997d2a0c6aea228afd4ca9e
snippets/collection-sorting.liquid:
  development: 2018-03-30T15:20:27-04:00   5c3d97455cfdba8baaa37909797f8dd0
snippets/collection-template.liquid:
  development: 2018-03-30T15:20:27-04:00   02cacd5add9a70b3cb13576f8b485732
snippets/comment.liquid:
  development: 2018-03-30T15:20:27-04:00   490bf7370ece4d0217f9c229aefd5880
snippets/featured-blog.liquid:
  development: 2018-03-30T15:20:27-04:00   c2a422cd675d65d677cfde692d720c7f
snippets/google-fonts.liquid:
  development: 2018-03-30T15:20:27-04:00   8e40cfa27425f9a5b955b747e1edee96
snippets/image-style.liquid:
  development: 2018-03-30T15:20:27-04:00   8c50291b1de61b727b4dd13143797229
snippets/oldIE-js.liquid:
  development: 2018-03-30T15:20:27-04:00   daf28c8834122dcaf976369fdf48323a
snippets/onboarding-featured-blog.liquid:
  development: 2018-03-30T15:20:27-04:00   c5c4bb79ca0b788a1c12cea691ee8fe8
snippets/onboarding-featured-collections.liquid:
  development: 2018-03-30T15:20:27-04:00   2feedbf8631dfc0d5fb6e251d52582d4
snippets/onboarding-featured-products.liquid:
  development: 2018-03-30T15:20:27-04:00   4f249e3a12c79ae3aa47d3974fccd84c
snippets/pagination.liquid:
  development: 2018-03-30T15:20:27-04:00   70ed134ed90fed5e45b2ac2b938d8f35
snippets/product-grid-collage.liquid:
  development: 2018-03-30T15:20:27-04:00   4abdc9f608a23b5c0ab9d2581e08a060
snippets/product-grid-item.liquid:
  development: 2018-03-30T15:20:27-04:00   967ef748cf9d1dc180bca9987fa017cb
snippets/respond.liquid:
  development: 2018-03-30T15:20:27-04:00   ca6abf0635dc2ad8c6bd377f83c79f6b
snippets/search-bar.liquid:
  development: 2018-03-30T15:20:27-04:00   09c97d1e453c835a8a5568a70d690883
snippets/social-meta-tags.liquid:
  development: 2018-03-30T15:20:28-04:00   ae9e213401623b2601abf0ace8e21537
snippets/social-sharing.liquid:
  development: 2018-03-30T15:20:28-04:00   6ce37d7f2814a10ed9b36ea3be691b65
snippets/svg-definitions.liquid:
  development: 2018-03-30T15:20:28-04:00   fe4fbc64d534e355fd8653de4ebac79a
snippets/tags-article.liquid:
  development: 2018-03-30T15:20:28-04:00   e7976dc4c68590a9f1ee7276f99559ac
templates/404.liquid:
  development: 2018-03-30T15:20:28-04:00   f1181b55ee89b4ad79ae81d244761cd2
templates/article.liquid:
  development: 2018-03-30T15:20:28-04:00   9763e9f309642903282720d29b422aaf
templates/blog.liquid:
  development: 2018-03-30T15:20:28-04:00   ae4212d24bf693e8cc69499cbc28355a
templates/cart.liquid:
  development: 2018-03-30T15:20:28-04:00   efcf7593a46e6f95cc2ccf55356e5784
templates/collection.image.liquid:
  development: 2018-03-30T15:20:28-04:00   cd9a9b1849d65ca4311d6f793008812f
templates/collection.liquid:
  development: 2018-03-30T15:20:28-04:00   3f577c5eaf7fab7e9688fd84e5d99db0
templates/customers/account.liquid:
  development: 2018-03-30T15:20:28-04:00   6169bc13701d2a2f4cbe9735b86ab10c
templates/customers/activate_account.liquid:
  development: 2018-03-30T15:20:28-04:00   a569b8be750f47edddc82ffc62b847ac
templates/customers/addresses.liquid:
  development: 2018-03-30T15:20:28-04:00   9c20221b1a50bee40908cbfb986bcac7
templates/customers/login.liquid:
  development: 2018-03-30T15:20:28-04:00   5fea701d036da687b6b1f1e28babb7bc
templates/customers/order.liquid:
  development: 2018-03-30T15:20:28-04:00   b836ee1cb4045e777025f75abf719574
templates/customers/register.liquid:
  development: 2018-03-30T15:20:28-04:00   3205d912f62cb0f866d974d5f2e22b37
templates/customers/reset_password.liquid:
  development: 2018-03-30T15:20:28-04:00   bd78871a9d2e373575659c6f9f68aa9b
templates/gift_card.liquid:
  development: 2018-03-30T15:20:28-04:00   e1a7ff0eff7d6dcc55dedda51a1686cc
templates/index.liquid:
  development: 2018-03-30T15:20:28-04:00   171b9093fa043fdf84d2df6eed3d94ab
templates/list-collections.liquid:
  development: 2018-03-30T15:20:29-04:00   eabed71f62563b929b8da83a4aeacbfb
templates/page.contact.liquid:
  development: 2018-03-30T15:20:29-04:00   b31a760236911163d10b4a663a76c59d
templates/page.full-width.liquid:
  development: 2018-03-30T15:20:29-04:00   f21db2cc6691ac1165c7a07ff8bc11cb
templates/page.home.liquid:
  development: 2018-04-02T19:34:37-04:00   387257f63bac30ae07f2aaa97804c62c
templates/page.liquid:
  development: 2018-03-30T15:20:29-04:00   3c1c3fb627419cc73d4cd19b32898d5e
templates/password.liquid:
  development: 2018-03-30T15:20:29-04:00   27c20529a5fa11780bc067f4f5c7cc9d
templates/product.liquid:
  development: 2018-03-30T15:20:29-04:00   0333f9f54411b4b9b90936d11d7c167e
templates/search.liquid:
  development: 2018-03-30T15:20:29-04:00   5b5ec843550466c7a2c965e0b1c8dbc0
